// !$*UTF8*$!
{
	archiveVersion = 1;
	classes = {
	};
	objectVersion = 56;
	objects = {

/* Begin PBXBuildFile section */
		2619BDB329793F6A00C36485 /* SDWebImageSwiftUI in Frameworks */ = {isa = PBXBuildFile; productRef = 2619BDB229793F6A00C36485 /* SDWebImageSwiftUI */; };
		2619BDB529794AE900C36485 /* EditStationView.swift in Sources */ = {isa = PBXBuildFile; fileRef = 2619BDB429794AE900C36485 /* EditStationView.swift */; };
		26560A1F296BCC8B00B7566F /* ABC_StationsApp.swift in Sources */ = {isa = PBXBuildFile; fileRef = 26560A1E296BCC8B00B7566F /* ABC_StationsApp.swift */; };
		26560A21296BCC8B00B7566F /* ContentView.swift in Sources */ = {isa = PBXBuildFile; fileRef = 26560A20296BCC8B00B7566F /* ContentView.swift */; };
		26560A23296BCC8C00B7566F /* Assets.xcassets in Resources */ = {isa = PBXBuildFile; fileRef = 26560A22296BCC8C00B7566F /* Assets.xcassets */; };
		26560A26296BCC8C00B7566F /* Preview Assets.xcassets in Resources */ = {isa = PBXBuildFile; fileRef = 26560A25296BCC8C00B7566F /* Preview Assets.xcassets */; };
		26560A2B296BCCB900B7566F /* ABC Stations Watch App.app in Embed Watch Content */ = {isa = PBXBuildFile; fileRef = 26CFB877296906440028EC29 /* ABC Stations Watch App.app */; settings = {ATTRIBUTES = (RemoveHeadersOnCopy, ); }; };
		26560A31296CD77400B7566F /* WatchDEBUG in Frameworks */ = {isa = PBXBuildFile; productRef = 26560A30296CD77400B7566F /* WatchDEBUG */; };
		269FF1DE2973542F0087615B /* CreateStationView.swift in Sources */ = {isa = PBXBuildFile; fileRef = 269FF1DD2973542F0087615B /* CreateStationView.swift */; };
		269FF1E1297356050087615B /* SwiftUINavigation in Frameworks */ = {isa = PBXBuildFile; productRef = 269FF1E0297356050087615B /* SwiftUINavigation */; };
		269FF1E3297356050087615B /* _SwiftUINavigationState in Frameworks */ = {isa = PBXBuildFile; productRef = 269FF1E2297356050087615B /* _SwiftUINavigationState */; };
		269FF1E72974A7FC0087615B /* StationMaster.swift in Sources */ = {isa = PBXBuildFile; fileRef = 269FF1E62974A7FC0087615B /* StationMaster.swift */; };
		26BA230929734E5F0033793F /* Helpers.swift in Sources */ = {isa = PBXBuildFile; fileRef = 26BA230529734E5F0033793F /* Helpers.swift */; };
		26BA230A29734E5F0033793F /* Directory.swift in Sources */ = {isa = PBXBuildFile; fileRef = 26BA230629734E5F0033793F /* Directory.swift */; };
		26BA230B29734E5F0033793F /* File.swift in Sources */ = {isa = PBXBuildFile; fileRef = 26BA230729734E5F0033793F /* File.swift */; };
		26BA230C29734E5F0033793F /* FileSystem.swift in Sources */ = {isa = PBXBuildFile; fileRef = 26BA230829734E5F0033793F /* FileSystem.swift */; };
		26CFB87B296906440028EC29 /* ABC_StationsApp.swift in Sources */ = {isa = PBXBuildFile; fileRef = 26CFB87A296906440028EC29 /* ABC_StationsApp.swift */; };
		26CFB87F296906460028EC29 /* Assets.xcassets in Resources */ = {isa = PBXBuildFile; fileRef = 26CFB87E296906460028EC29 /* Assets.xcassets */; };
		26CFB88A296906920028EC29 /* ComposableArchitecture in Frameworks */ = {isa = PBXBuildFile; productRef = 26CFB889296906920028EC29 /* ComposableArchitecture */; };
		26CFB88C296906920028EC29 /* Dependencies in Frameworks */ = {isa = PBXBuildFile; productRef = 26CFB88B296906920028EC29 /* Dependencies */; };
		26CFB88E296906AA0028EC29 /* Player.swift in Sources */ = {isa = PBXBuildFile; fileRef = 26CFB88D296906AA0028EC29 /* Player.swift */; };
		26CFB891296906F20028EC29 /* RadioStation.swift in Sources */ = {isa = PBXBuildFile; fileRef = 26CFB890296906F20028EC29 /* RadioStation.swift */; };
		26CFB894296907BE0028EC29 /* MediaMetaDataEnrichment.swift in Sources */ = {isa = PBXBuildFile; fileRef = 26CFB893296907BE0028EC29 /* MediaMetaDataEnrichment.swift */; };
		26CFB89729693FAB0028EC29 /* ABCStations.swift in Sources */ = {isa = PBXBuildFile; fileRef = 26CFB89629693FAB0028EC29 /* ABCStations.swift */; };
		26CFB89A296940D10028EC29 /* RootView.swift in Sources */ = {isa = PBXBuildFile; fileRef = 26CFB899296940D10028EC29 /* RootView.swift */; };
		26CFB89D296942720028EC29 /* StationsView.swift in Sources */ = {isa = PBXBuildFile; fileRef = 26CFB89C296942720028EC29 /* StationsView.swift */; };
		26CFB8A0296944680028EC29 /* PlayerDependency.swift in Sources */ = {isa = PBXBuildFile; fileRef = 26CFB89F296944680028EC29 /* PlayerDependency.swift */; };
		26CFB8A429694C450028EC29 /* NowPlayingControls.swift in Sources */ = {isa = PBXBuildFile; fileRef = 26CFB8A329694C450028EC29 /* NowPlayingControls.swift */; };
/* End PBXBuildFile section */

/* Begin PBXContainerItemProxy section */
		26560A2C296BCCB900B7566F /* PBXContainerItemProxy */ = {
			isa = PBXContainerItemProxy;
			containerPortal = 26CFB86F296906440028EC29 /* Project object */;
			proxyType = 1;
			remoteGlobalIDString = 26CFB876296906440028EC29;
			remoteInfo = "ABC Stations Watch App";
		};
/* End PBXContainerItemProxy section */

/* Begin PBXCopyFilesBuildPhase section */
		26560A2E296BCCB900B7566F /* Embed Watch Content */ = {
			isa = PBXCopyFilesBuildPhase;
			buildActionMask = 2147483647;
			dstPath = "$(CONTENTS_FOLDER_PATH)/Watch";
			dstSubfolderSpec = 16;
			files = (
				26560A2B296BCCB900B7566F /* ABC Stations Watch App.app in Embed Watch Content */,
			);
			name = "Embed Watch Content";
			runOnlyForDeploymentPostprocessing = 0;
		};
/* End PBXCopyFilesBuildPhase section */

/* Begin PBXFileReference section */
		2619BDB429794AE900C36485 /* EditStationView.swift */ = {isa = PBXFileReference; lastKnownFileType = sourcecode.swift; path = EditStationView.swift; sourceTree = "<group>"; };
		26560A1C296BCC8B00B7566F /* ABC Stations.app */ = {isa = PBXFileReference; explicitFileType = wrapper.application; includeInIndex = 0; path = "ABC Stations.app"; sourceTree = BUILT_PRODUCTS_DIR; };
		26560A1E296BCC8B00B7566F /* ABC_StationsApp.swift */ = {isa = PBXFileReference; lastKnownFileType = sourcecode.swift; path = ABC_StationsApp.swift; sourceTree = "<group>"; };
		26560A20296BCC8B00B7566F /* ContentView.swift */ = {isa = PBXFileReference; lastKnownFileType = sourcecode.swift; path = ContentView.swift; sourceTree = "<group>"; };
		26560A22296BCC8C00B7566F /* Assets.xcassets */ = {isa = PBXFileReference; lastKnownFileType = folder.assetcatalog; path = Assets.xcassets; sourceTree = "<group>"; };
		26560A25296BCC8C00B7566F /* Preview Assets.xcassets */ = {isa = PBXFileReference; lastKnownFileType = folder.assetcatalog; path = "Preview Assets.xcassets"; sourceTree = "<group>"; };
		26560A2F296CD72200B7566F /* WatchDEBUG */ = {isa = PBXFileReference; lastKnownFileType = wrapper; name = WatchDEBUG; path = ../WatchDEBUG; sourceTree = "<group>"; };
		26560A32296CDFD500B7566F /* ABC-Stations-Info.plist */ = {isa = PBXFileReference; lastKnownFileType = text.plist; path = "ABC-Stations-Info.plist"; sourceTree = SOURCE_ROOT; };
		269FF1DD2973542F0087615B /* CreateStationView.swift */ = {isa = PBXFileReference; lastKnownFileType = sourcecode.swift; path = CreateStationView.swift; sourceTree = "<group>"; };
		269FF1E62974A7FC0087615B /* StationMaster.swift */ = {isa = PBXFileReference; lastKnownFileType = sourcecode.swift; path = StationMaster.swift; sourceTree = "<group>"; };
		26BA230529734E5F0033793F /* Helpers.swift */ = {isa = PBXFileReference; fileEncoding = 4; lastKnownFileType = sourcecode.swift; path = Helpers.swift; sourceTree = "<group>"; };
		26BA230629734E5F0033793F /* Directory.swift */ = {isa = PBXFileReference; fileEncoding = 4; lastKnownFileType = sourcecode.swift; path = Directory.swift; sourceTree = "<group>"; };
		26BA230729734E5F0033793F /* File.swift */ = {isa = PBXFileReference; fileEncoding = 4; lastKnownFileType = sourcecode.swift; path = File.swift; sourceTree = "<group>"; };
		26BA230829734E5F0033793F /* FileSystem.swift */ = {isa = PBXFileReference; fileEncoding = 4; lastKnownFileType = sourcecode.swift; path = FileSystem.swift; sourceTree = "<group>"; };
		26CFB877296906440028EC29 /* ABC Stations Watch App.app */ = {isa = PBXFileReference; explicitFileType = wrapper.application; includeInIndex = 0; path = "ABC Stations Watch App.app"; sourceTree = BUILT_PRODUCTS_DIR; };
		26CFB87A296906440028EC29 /* ABC_StationsApp.swift */ = {isa = PBXFileReference; lastKnownFileType = sourcecode.swift; path = ABC_StationsApp.swift; sourceTree = "<group>"; };
		26CFB87E296906460028EC29 /* Assets.xcassets */ = {isa = PBXFileReference; lastKnownFileType = folder.assetcatalog; path = Assets.xcassets; sourceTree = "<group>"; };
		26CFB88D296906AA0028EC29 /* Player.swift */ = {isa = PBXFileReference; lastKnownFileType = sourcecode.swift; path = Player.swift; sourceTree = "<group>"; };
		26CFB890296906F20028EC29 /* RadioStation.swift */ = {isa = PBXFileReference; lastKnownFileType = sourcecode.swift; path = RadioStation.swift; sourceTree = "<group>"; };
		26CFB893296907BE0028EC29 /* MediaMetaDataEnrichment.swift */ = {isa = PBXFileReference; lastKnownFileType = sourcecode.swift; path = MediaMetaDataEnrichment.swift; sourceTree = "<group>"; };
		26CFB89629693FAB0028EC29 /* ABCStations.swift */ = {isa = PBXFileReference; lastKnownFileType = sourcecode.swift; path = ABCStations.swift; sourceTree = "<group>"; };
		26CFB899296940D10028EC29 /* RootView.swift */ = {isa = PBXFileReference; lastKnownFileType = sourcecode.swift; path = RootView.swift; sourceTree = "<group>"; };
		26CFB89C296942720028EC29 /* StationsView.swift */ = {isa = PBXFileReference; lastKnownFileType = sourcecode.swift; path = StationsView.swift; sourceTree = "<group>"; };
		26CFB89F296944680028EC29 /* PlayerDependency.swift */ = {isa = PBXFileReference; lastKnownFileType = sourcecode.swift; path = PlayerDependency.swift; sourceTree = "<group>"; };
		26CFB8A129694AE30028EC29 /* ABC-Stations-Watch-App-Info.plist */ = {isa = PBXFileReference; lastKnownFileType = text.plist; path = "ABC-Stations-Watch-App-Info.plist"; sourceTree = SOURCE_ROOT; };
		26CFB8A329694C450028EC29 /* NowPlayingControls.swift */ = {isa = PBXFileReference; lastKnownFileType = sourcecode.swift; path = NowPlayingControls.swift; sourceTree = "<group>"; };
/* End PBXFileReference section */

/* Begin PBXFrameworksBuildPhase section */
		26560A19296BCC8B00B7566F /* Frameworks */ = {
			isa = PBXFrameworksBuildPhase;
			buildActionMask = 2147483647;
			files = (
			);
			runOnlyForDeploymentPostprocessing = 0;
		};
		26CFB874296906440028EC29 /* Frameworks */ = {
			isa = PBXFrameworksBuildPhase;
			buildActionMask = 2147483647;
			files = (
				2619BDB329793F6A00C36485 /* SDWebImageSwiftUI in Frameworks */,
				269FF1E1297356050087615B /* SwiftUINavigation in Frameworks */,
				26CFB88A296906920028EC29 /* ComposableArchitecture in Frameworks */,
				26CFB88C296906920028EC29 /* Dependencies in Frameworks */,
				269FF1E3297356050087615B /* _SwiftUINavigationState in Frameworks */,
				26560A31296CD77400B7566F /* WatchDEBUG in Frameworks */,
			);
			runOnlyForDeploymentPostprocessing = 0;
		};
/* End PBXFrameworksBuildPhase section */

/* Begin PBXGroup section */
		26560A1D296BCC8B00B7566F /* ABC Stations */ = {
			isa = PBXGroup;
			children = (
				26560A32296CDFD500B7566F /* ABC-Stations-Info.plist */,
				26560A1E296BCC8B00B7566F /* ABC_StationsApp.swift */,
				26560A20296BCC8B00B7566F /* ContentView.swift */,
				26560A22296BCC8C00B7566F /* Assets.xcassets */,
				26560A24296BCC8C00B7566F /* Preview Content */,
			);
			path = "ABC Stations";
			sourceTree = "<group>";
		};
		26560A24296BCC8C00B7566F /* Preview Content */ = {
			isa = PBXGroup;
			children = (
				26560A25296BCC8C00B7566F /* Preview Assets.xcassets */,
			);
			path = "Preview Content";
			sourceTree = "<group>";
		};
		26560A2A296BCCB900B7566F /* Frameworks */ = {
			isa = PBXGroup;
			children = (
			);
			name = Frameworks;
			sourceTree = "<group>";
		};
		269FF1E42974A7C90087615B /* Services */ = {
			isa = PBXGroup;
			children = (
				269FF1E52974A7E10087615B /* Station Master */,
				26CFB88F296906E30028EC29 /* Player */,
				26BA230429734DD50033793F /* FileSystem */,
			);
			path = Services;
			sourceTree = "<group>";
		};
		269FF1E52974A7E10087615B /* Station Master */ = {
			isa = PBXGroup;
			children = (
				269FF1E62974A7FC0087615B /* StationMaster.swift */,
			);
			path = "Station Master";
			sourceTree = "<group>";
		};
		26BA230429734DD50033793F /* FileSystem */ = {
			isa = PBXGroup;
			children = (
				26BA230829734E5F0033793F /* FileSystem.swift */,
				26BA230629734E5F0033793F /* Directory.swift */,
				26BA230729734E5F0033793F /* File.swift */,
				26BA230529734E5F0033793F /* Helpers.swift */,
			);
			path = FileSystem;
			sourceTree = "<group>";
		};
		26CFB86E296906440028EC29 = {
			isa = PBXGroup;
			children = (
				26560A2F296CD72200B7566F /* WatchDEBUG */,
				26CFB879296906440028EC29 /* ABC Stations Watch App */,
				26560A1D296BCC8B00B7566F /* ABC Stations */,
				26CFB878296906440028EC29 /* Products */,
				26560A2A296BCCB900B7566F /* Frameworks */,
			);
			sourceTree = "<group>";
		};
		26CFB878296906440028EC29 /* Products */ = {
			isa = PBXGroup;
			children = (
				26CFB877296906440028EC29 /* ABC Stations Watch App.app */,
				26560A1C296BCC8B00B7566F /* ABC Stations.app */,
			);
			name = Products;
			sourceTree = "<group>";
		};
		26CFB879296906440028EC29 /* ABC Stations Watch App */ = {
			isa = PBXGroup;
			children = (
				26CFB87A296906440028EC29 /* ABC_StationsApp.swift */,
				26CFB8A129694AE30028EC29 /* ABC-Stations-Watch-App-Info.plist */,
				269FF1E42974A7C90087615B /* Services */,
				26CFB8A229694C320028EC29 /* Now Playing Controls */,
				26CFB89E296944520028EC29 /* Dependencies */,
				26CFB89B296940D60028EC29 /* Views */,
				26CFB898296940690028EC29 /* Resources */,
				26CFB89529693F930028EC29 /* Stations */,
				26CFB892296906F80028EC29 /* Models */,
			);
			path = "ABC Stations Watch App";
			sourceTree = "<group>";
		};
		26CFB88F296906E30028EC29 /* Player */ = {
			isa = PBXGroup;
			children = (
				26CFB88D296906AA0028EC29 /* Player.swift */,
				26CFB893296907BE0028EC29 /* MediaMetaDataEnrichment.swift */,
			);
			path = Player;
			sourceTree = "<group>";
		};
		26CFB892296906F80028EC29 /* Models */ = {
			isa = PBXGroup;
			children = (
				26CFB890296906F20028EC29 /* RadioStation.swift */,
			);
			path = Models;
			sourceTree = "<group>";
		};
		26CFB89529693F930028EC29 /* Stations */ = {
			isa = PBXGroup;
			children = (
				26CFB89629693FAB0028EC29 /* ABCStations.swift */,
			);
			path = Stations;
			sourceTree = "<group>";
		};
		26CFB898296940690028EC29 /* Resources */ = {
			isa = PBXGroup;
			children = (
				26CFB87E296906460028EC29 /* Assets.xcassets */,
			);
			path = Resources;
			sourceTree = "<group>";
		};
		26CFB89B296940D60028EC29 /* Views */ = {
			isa = PBXGroup;
			children = (
				26CFB899296940D10028EC29 /* RootView.swift */,
				26CFB89C296942720028EC29 /* StationsView.swift */,
				269FF1DD2973542F0087615B /* CreateStationView.swift */,
				2619BDB429794AE900C36485 /* EditStationView.swift */,
			);
			path = Views;
			sourceTree = "<group>";
		};
		26CFB89E296944520028EC29 /* Dependencies */ = {
			isa = PBXGroup;
			children = (
				26CFB89F296944680028EC29 /* PlayerDependency.swift */,
			);
			path = Dependencies;
			sourceTree = "<group>";
		};
		26CFB8A229694C320028EC29 /* Now Playing Controls */ = {
			isa = PBXGroup;
			children = (
				26CFB8A329694C450028EC29 /* NowPlayingControls.swift */,
			);
			path = "Now Playing Controls";
			sourceTree = "<group>";
		};
/* End PBXGroup section */

/* Begin PBXNativeTarget section */
		26560A1B296BCC8B00B7566F /* ABC Stations */ = {
			isa = PBXNativeTarget;
			buildConfigurationList = 26560A27296BCC8D00B7566F /* Build configuration list for PBXNativeTarget "ABC Stations" */;
			buildPhases = (
				26560A18296BCC8B00B7566F /* Sources */,
				26560A19296BCC8B00B7566F /* Frameworks */,
				26560A1A296BCC8B00B7566F /* Resources */,
				26560A2E296BCCB900B7566F /* Embed Watch Content */,
			);
			buildRules = (
			);
			dependencies = (
				26560A2D296BCCB900B7566F /* PBXTargetDependency */,
			);
			name = "ABC Stations";
			productName = "ABC Stations";
			productReference = 26560A1C296BCC8B00B7566F /* ABC Stations.app */;
			productType = "com.apple.product-type.application";
		};
		26CFB876296906440028EC29 /* ABC Stations Watch App */ = {
			isa = PBXNativeTarget;
			buildConfigurationList = 26CFB885296906460028EC29 /* Build configuration list for PBXNativeTarget "ABC Stations Watch App" */;
			buildPhases = (
				26CFB873296906440028EC29 /* Sources */,
				26CFB874296906440028EC29 /* Frameworks */,
				26CFB875296906440028EC29 /* Resources */,
			);
			buildRules = (
			);
			dependencies = (
			);
			name = "ABC Stations Watch App";
			packageProductDependencies = (
				26CFB889296906920028EC29 /* ComposableArchitecture */,
				26CFB88B296906920028EC29 /* Dependencies */,
				26560A30296CD77400B7566F /* WatchDEBUG */,
				269FF1E0297356050087615B /* SwiftUINavigation */,
				269FF1E2297356050087615B /* _SwiftUINavigationState */,
				2619BDB229793F6A00C36485 /* SDWebImageSwiftUI */,
			);
			productName = "ABC Stations Watch App";
			productReference = 26CFB877296906440028EC29 /* ABC Stations Watch App.app */;
			productType = "com.apple.product-type.application";
		};
/* End PBXNativeTarget section */

/* Begin PBXProject section */
		26CFB86F296906440028EC29 /* Project object */ = {
			isa = PBXProject;
			attributes = {
				BuildIndependentTargetsInParallel = 1;
				LastSwiftUpdateCheck = 1420;
				LastUpgradeCheck = 1420;
				TargetAttributes = {
					26560A1B296BCC8B00B7566F = {
						CreatedOnToolsVersion = 14.2;
					};
					26CFB876296906440028EC29 = {
						CreatedOnToolsVersion = 14.2;
					};
				};
			};
			buildConfigurationList = 26CFB872296906440028EC29 /* Build configuration list for PBXProject "ABC Stations" */;
			compatibilityVersion = "Xcode 14.0";
			developmentRegion = en;
			hasScannedForEncodings = 0;
			knownRegions = (
				en,
				Base,
			);
			mainGroup = 26CFB86E296906440028EC29;
			packageReferences = (
				26CFB888296906920028EC29 /* XCRemoteSwiftPackageReference "swift-composable-architecture" */,
				269FF1DF297356050087615B /* XCRemoteSwiftPackageReference "swiftui-navigation" */,
				2619BDB129793F6A00C36485 /* XCRemoteSwiftPackageReference "SDWebImageSwiftUI" */,
			);
			productRefGroup = 26CFB878296906440028EC29 /* Products */;
			projectDirPath = "";
			projectRoot = "";
			targets = (
				26CFB876296906440028EC29 /* ABC Stations Watch App */,
				26560A1B296BCC8B00B7566F /* ABC Stations */,
			);
		};
/* End PBXProject section */

/* Begin PBXResourcesBuildPhase section */
		26560A1A296BCC8B00B7566F /* Resources */ = {
			isa = PBXResourcesBuildPhase;
			buildActionMask = 2147483647;
			files = (
				26560A26296BCC8C00B7566F /* Preview Assets.xcassets in Resources */,
				26560A23296BCC8C00B7566F /* Assets.xcassets in Resources */,
			);
			runOnlyForDeploymentPostprocessing = 0;
		};
		26CFB875296906440028EC29 /* Resources */ = {
			isa = PBXResourcesBuildPhase;
			buildActionMask = 2147483647;
			files = (
				26CFB87F296906460028EC29 /* Assets.xcassets in Resources */,
			);
			runOnlyForDeploymentPostprocessing = 0;
		};
/* End PBXResourcesBuildPhase section */

/* Begin PBXSourcesBuildPhase section */
		26560A18296BCC8B00B7566F /* Sources */ = {
			isa = PBXSourcesBuildPhase;
			buildActionMask = 2147483647;
			files = (
				26560A21296BCC8B00B7566F /* ContentView.swift in Sources */,
				26560A1F296BCC8B00B7566F /* ABC_StationsApp.swift in Sources */,
			);
			runOnlyForDeploymentPostprocessing = 0;
		};
		26CFB873296906440028EC29 /* Sources */ = {
			isa = PBXSourcesBuildPhase;
			buildActionMask = 2147483647;
			files = (
				269FF1E72974A7FC0087615B /* StationMaster.swift in Sources */,
				26CFB88E296906AA0028EC29 /* Player.swift in Sources */,
				26BA230B29734E5F0033793F /* File.swift in Sources */,
				2619BDB529794AE900C36485 /* EditStationView.swift in Sources */,
				26CFB8A429694C450028EC29 /* NowPlayingControls.swift in Sources */,
				26CFB894296907BE0028EC29 /* MediaMetaDataEnrichment.swift in Sources */,
				26BA230929734E5F0033793F /* Helpers.swift in Sources */,
				269FF1DE2973542F0087615B /* CreateStationView.swift in Sources */,
				26CFB89A296940D10028EC29 /* RootView.swift in Sources */,
				26CFB89D296942720028EC29 /* StationsView.swift in Sources */,
				26CFB89729693FAB0028EC29 /* ABCStations.swift in Sources */,
				26CFB8A0296944680028EC29 /* PlayerDependency.swift in Sources */,
				26BA230A29734E5F0033793F /* Directory.swift in Sources */,
				26CFB891296906F20028EC29 /* RadioStation.swift in Sources */,
				26CFB87B296906440028EC29 /* ABC_StationsApp.swift in Sources */,
				26BA230C29734E5F0033793F /* FileSystem.swift in Sources */,
			);
			runOnlyForDeploymentPostprocessing = 0;
		};
/* End PBXSourcesBuildPhase section */

/* Begin PBXTargetDependency section */
		26560A2D296BCCB900B7566F /* PBXTargetDependency */ = {
			isa = PBXTargetDependency;
			target = 26CFB876296906440028EC29 /* ABC Stations Watch App */;
			targetProxy = 26560A2C296BCCB900B7566F /* PBXContainerItemProxy */;
		};
/* End PBXTargetDependency section */

/* Begin XCBuildConfiguration section */
		26560A28296BCC8D00B7566F /* Debug */ = {
			isa = XCBuildConfiguration;
			buildSettings = {
				ASSETCATALOG_COMPILER_APPICON_NAME = AppIcon;
				ASSETCATALOG_COMPILER_GLOBAL_ACCENT_COLOR_NAME = AccentColor;
				CODE_SIGN_STYLE = Automatic;
				CURRENT_PROJECT_VERSION = 6;
				DEVELOPMENT_ASSET_PATHS = "\"ABC Stations/Preview Content\"";
				DEVELOPMENT_TEAM = QCHSD48ZLT;
				ENABLE_PREVIEWS = YES;
				GENERATE_INFOPLIST_FILE = YES;
				INFOPLIST_FILE = "ABC-Stations-Info.plist";
				INFOPLIST_KEY_UIApplicationSceneManifest_Generation = YES;
				INFOPLIST_KEY_UIApplicationSupportsIndirectInputEvents = YES;
				INFOPLIST_KEY_UILaunchScreen_Generation = YES;
				INFOPLIST_KEY_UISupportedInterfaceOrientations_iPad = "UIInterfaceOrientationPortrait UIInterfaceOrientationPortraitUpsideDown UIInterfaceOrientationLandscapeLeft UIInterfaceOrientationLandscapeRight";
				INFOPLIST_KEY_UISupportedInterfaceOrientations_iPhone = "UIInterfaceOrientationPortrait UIInterfaceOrientationLandscapeLeft UIInterfaceOrientationLandscapeRight";
				IPHONEOS_DEPLOYMENT_TARGET = 16.2;
				LD_RUNPATH_SEARCH_PATHS = (
					"$(inherited)",
					"@executable_path/Frameworks",
				);
				MARKETING_VERSION = 1.0;
				PRODUCT_BUNDLE_IDENTIFIER = au.com.sboddeus.abcstations;
				PRODUCT_NAME = "$(TARGET_NAME)";
				SDKROOT = iphoneos;
				SWIFT_EMIT_LOC_STRINGS = YES;
				SWIFT_VERSION = 5.0;
				TARGETED_DEVICE_FAMILY = "1,2";
			};
			name = Debug;
		};
		26560A29296BCC8D00B7566F /* Release */ = {
			isa = XCBuildConfiguration;
			buildSettings = {
				ASSETCATALOG_COMPILER_APPICON_NAME = AppIcon;
				ASSETCATALOG_COMPILER_GLOBAL_ACCENT_COLOR_NAME = AccentColor;
				CODE_SIGN_STYLE = Automatic;
				CURRENT_PROJECT_VERSION = 6;
				DEVELOPMENT_ASSET_PATHS = "\"ABC Stations/Preview Content\"";
				DEVELOPMENT_TEAM = QCHSD48ZLT;
				ENABLE_PREVIEWS = YES;
				GENERATE_INFOPLIST_FILE = YES;
				INFOPLIST_FILE = "ABC-Stations-Info.plist";
				INFOPLIST_KEY_UIApplicationSceneManifest_Generation = YES;
				INFOPLIST_KEY_UIApplicationSupportsIndirectInputEvents = YES;
				INFOPLIST_KEY_UILaunchScreen_Generation = YES;
				INFOPLIST_KEY_UISupportedInterfaceOrientations_iPad = "UIInterfaceOrientationPortrait UIInterfaceOrientationPortraitUpsideDown UIInterfaceOrientationLandscapeLeft UIInterfaceOrientationLandscapeRight";
				INFOPLIST_KEY_UISupportedInterfaceOrientations_iPhone = "UIInterfaceOrientationPortrait UIInterfaceOrientationLandscapeLeft UIInterfaceOrientationLandscapeRight";
				IPHONEOS_DEPLOYMENT_TARGET = 16.2;
				LD_RUNPATH_SEARCH_PATHS = (
					"$(inherited)",
					"@executable_path/Frameworks",
				);
				MARKETING_VERSION = 1.0;
				PRODUCT_BUNDLE_IDENTIFIER = au.com.sboddeus.abcstations;
				PRODUCT_NAME = "$(TARGET_NAME)";
				SDKROOT = iphoneos;
				SWIFT_EMIT_LOC_STRINGS = YES;
				SWIFT_VERSION = 5.0;
				TARGETED_DEVICE_FAMILY = "1,2";
				VALIDATE_PRODUCT = YES;
			};
			name = Release;
		};
		26CFB883296906460028EC29 /* Debug */ = {
			isa = XCBuildConfiguration;
			buildSettings = {
				ALWAYS_SEARCH_USER_PATHS = NO;
				CLANG_ANALYZER_NONNULL = YES;
				CLANG_ANALYZER_NUMBER_OBJECT_CONVERSION = YES_AGGRESSIVE;
				CLANG_CXX_LANGUAGE_STANDARD = "gnu++20";
				CLANG_ENABLE_MODULES = YES;
				CLANG_ENABLE_OBJC_ARC = YES;
				CLANG_ENABLE_OBJC_WEAK = YES;
				CLANG_WARN_BLOCK_CAPTURE_AUTORELEASING = YES;
				CLANG_WARN_BOOL_CONVERSION = YES;
				CLANG_WARN_COMMA = YES;
				CLANG_WARN_CONSTANT_CONVERSION = YES;
				CLANG_WARN_DEPRECATED_OBJC_IMPLEMENTATIONS = YES;
				CLANG_WARN_DIRECT_OBJC_ISA_USAGE = YES_ERROR;
				CLANG_WARN_DOCUMENTATION_COMMENTS = YES;
				CLANG_WARN_EMPTY_BODY = YES;
				CLANG_WARN_ENUM_CONVERSION = YES;
				CLANG_WARN_INFINITE_RECURSION = YES;
				CLANG_WARN_INT_CONVERSION = YES;
				CLANG_WARN_NON_LITERAL_NULL_CONVERSION = YES;
				CLANG_WARN_OBJC_IMPLICIT_RETAIN_SELF = YES;
				CLANG_WARN_OBJC_LITERAL_CONVERSION = YES;
				CLANG_WARN_OBJC_ROOT_CLASS = YES_ERROR;
				CLANG_WARN_QUOTED_INCLUDE_IN_FRAMEWORK_HEADER = YES;
				CLANG_WARN_RANGE_LOOP_ANALYSIS = YES;
				CLANG_WARN_STRICT_PROTOTYPES = YES;
				CLANG_WARN_SUSPICIOUS_MOVE = YES;
				CLANG_WARN_UNGUARDED_AVAILABILITY = YES_AGGRESSIVE;
				CLANG_WARN_UNREACHABLE_CODE = YES;
				CLANG_WARN__DUPLICATE_METHOD_MATCH = YES;
				COPY_PHASE_STRIP = NO;
				DEBUG_INFORMATION_FORMAT = dwarf;
				ENABLE_STRICT_OBJC_MSGSEND = YES;
				ENABLE_TESTABILITY = YES;
				GCC_C_LANGUAGE_STANDARD = gnu11;
				GCC_DYNAMIC_NO_PIC = NO;
				GCC_NO_COMMON_BLOCKS = YES;
				GCC_OPTIMIZATION_LEVEL = 0;
				GCC_PREPROCESSOR_DEFINITIONS = (
					"DEBUG=1",
					"$(inherited)",
				);
				GCC_WARN_64_TO_32_BIT_CONVERSION = YES;
				GCC_WARN_ABOUT_RETURN_TYPE = YES_ERROR;
				GCC_WARN_UNDECLARED_SELECTOR = YES;
				GCC_WARN_UNINITIALIZED_AUTOS = YES_AGGRESSIVE;
				GCC_WARN_UNUSED_FUNCTION = YES;
				GCC_WARN_UNUSED_VARIABLE = YES;
				MTL_ENABLE_DEBUG_INFO = INCLUDE_SOURCE;
				MTL_FAST_MATH = YES;
				ONLY_ACTIVE_ARCH = YES;
				SWIFT_ACTIVE_COMPILATION_CONDITIONS = DEBUG;
				SWIFT_OPTIMIZATION_LEVEL = "-Onone";
				WATCHOS_DEPLOYMENT_TARGET = 9.1;
			};
			name = Debug;
		};
		26CFB884296906460028EC29 /* Release */ = {
			isa = XCBuildConfiguration;
			buildSettings = {
				ALWAYS_SEARCH_USER_PATHS = NO;
				CLANG_ANALYZER_NONNULL = YES;
				CLANG_ANALYZER_NUMBER_OBJECT_CONVERSION = YES_AGGRESSIVE;
				CLANG_CXX_LANGUAGE_STANDARD = "gnu++20";
				CLANG_ENABLE_MODULES = YES;
				CLANG_ENABLE_OBJC_ARC = YES;
				CLANG_ENABLE_OBJC_WEAK = YES;
				CLANG_WARN_BLOCK_CAPTURE_AUTORELEASING = YES;
				CLANG_WARN_BOOL_CONVERSION = YES;
				CLANG_WARN_COMMA = YES;
				CLANG_WARN_CONSTANT_CONVERSION = YES;
				CLANG_WARN_DEPRECATED_OBJC_IMPLEMENTATIONS = YES;
				CLANG_WARN_DIRECT_OBJC_ISA_USAGE = YES_ERROR;
				CLANG_WARN_DOCUMENTATION_COMMENTS = YES;
				CLANG_WARN_EMPTY_BODY = YES;
				CLANG_WARN_ENUM_CONVERSION = YES;
				CLANG_WARN_INFINITE_RECURSION = YES;
				CLANG_WARN_INT_CONVERSION = YES;
				CLANG_WARN_NON_LITERAL_NULL_CONVERSION = YES;
				CLANG_WARN_OBJC_IMPLICIT_RETAIN_SELF = YES;
				CLANG_WARN_OBJC_LITERAL_CONVERSION = YES;
				CLANG_WARN_OBJC_ROOT_CLASS = YES_ERROR;
				CLANG_WARN_QUOTED_INCLUDE_IN_FRAMEWORK_HEADER = YES;
				CLANG_WARN_RANGE_LOOP_ANALYSIS = YES;
				CLANG_WARN_STRICT_PROTOTYPES = YES;
				CLANG_WARN_SUSPICIOUS_MOVE = YES;
				CLANG_WARN_UNGUARDED_AVAILABILITY = YES_AGGRESSIVE;
				CLANG_WARN_UNREACHABLE_CODE = YES;
				CLANG_WARN__DUPLICATE_METHOD_MATCH = YES;
				COPY_PHASE_STRIP = NO;
				DEBUG_INFORMATION_FORMAT = "dwarf-with-dsym";
				ENABLE_NS_ASSERTIONS = NO;
				ENABLE_STRICT_OBJC_MSGSEND = YES;
				GCC_C_LANGUAGE_STANDARD = gnu11;
				GCC_NO_COMMON_BLOCKS = YES;
				GCC_WARN_64_TO_32_BIT_CONVERSION = YES;
				GCC_WARN_ABOUT_RETURN_TYPE = YES_ERROR;
				GCC_WARN_UNDECLARED_SELECTOR = YES;
				GCC_WARN_UNINITIALIZED_AUTOS = YES_AGGRESSIVE;
				GCC_WARN_UNUSED_FUNCTION = YES;
				GCC_WARN_UNUSED_VARIABLE = YES;
				MTL_ENABLE_DEBUG_INFO = NO;
				MTL_FAST_MATH = YES;
				SWIFT_COMPILATION_MODE = wholemodule;
				SWIFT_OPTIMIZATION_LEVEL = "-O";
				WATCHOS_DEPLOYMENT_TARGET = 9.1;
			};
			name = Release;
		};
		26CFB886296906460028EC29 /* Debug */ = {
			isa = XCBuildConfiguration;
			buildSettings = {
				ASSETCATALOG_COMPILER_APPICON_NAME = AppIcon;
				ASSETCATALOG_COMPILER_GLOBAL_ACCENT_COLOR_NAME = AccentColor;
				CODE_SIGN_IDENTITY = "Apple Development";
				CODE_SIGN_STYLE = Automatic;
				CURRENT_PROJECT_VERSION = 6;
				DEVELOPMENT_ASSET_PATHS = "";
				DEVELOPMENT_TEAM = QCHSD48ZLT;
				ENABLE_PREVIEWS = YES;
				GENERATE_INFOPLIST_FILE = YES;
				INFOPLIST_FILE = "ABC-Stations-Watch-App-Info.plist";
				INFOPLIST_KEY_CFBundleDisplayName = "ABC Stations";
				INFOPLIST_KEY_UISupportedInterfaceOrientations = "UIInterfaceOrientationPortrait UIInterfaceOrientationPortraitUpsideDown";
				INFOPLIST_KEY_WKCompanionAppBundleIdentifier = au.com.sboddeus.abcstations;
				INFOPLIST_KEY_WKRunsIndependentlyOfCompanionApp = YES;
				LD_RUNPATH_SEARCH_PATHS = (
					"$(inherited)",
					"@executable_path/Frameworks",
				);
				MARKETING_VERSION = 1.0;
				PRODUCT_BUNDLE_IDENTIFIER = au.com.sboddeus.abcstations.watchkitapp;
				PRODUCT_NAME = "$(TARGET_NAME)";
				PROVISIONING_PROFILE_SPECIFIER = "";
				SDKROOT = watchos;
				SKIP_INSTALL = YES;
				SWIFT_EMIT_LOC_STRINGS = YES;
				SWIFT_VERSION = 5.0;
				TARGETED_DEVICE_FAMILY = 4;
				WATCHOS_DEPLOYMENT_TARGET = 9.1;
			};
			name = Debug;
		};
		26CFB887296906460028EC29 /* Release */ = {
			isa = XCBuildConfiguration;
			buildSettings = {
				ASSETCATALOG_COMPILER_APPICON_NAME = AppIcon;
				ASSETCATALOG_COMPILER_GLOBAL_ACCENT_COLOR_NAME = AccentColor;
				CODE_SIGN_IDENTITY = "Apple Development";
				CODE_SIGN_STYLE = Automatic;
				CURRENT_PROJECT_VERSION = 6;
				DEVELOPMENT_ASSET_PATHS = "";
				DEVELOPMENT_TEAM = QCHSD48ZLT;
				ENABLE_PREVIEWS = YES;
				GENERATE_INFOPLIST_FILE = YES;
				INFOPLIST_FILE = "ABC-Stations-Watch-App-Info.plist";
				INFOPLIST_KEY_CFBundleDisplayName = "ABC Stations";
				INFOPLIST_KEY_UISupportedInterfaceOrientations = "UIInterfaceOrientationPortrait UIInterfaceOrientationPortraitUpsideDown";
				INFOPLIST_KEY_WKCompanionAppBundleIdentifier = au.com.sboddeus.abcstations;
				INFOPLIST_KEY_WKRunsIndependentlyOfCompanionApp = YES;
				LD_RUNPATH_SEARCH_PATHS = (
					"$(inherited)",
					"@executable_path/Frameworks",
				);
				MARKETING_VERSION = 1.0;
				PRODUCT_BUNDLE_IDENTIFIER = au.com.sboddeus.abcstations.watchkitapp;
				PRODUCT_NAME = "$(TARGET_NAME)";
				PROVISIONING_PROFILE_SPECIFIER = "";
				SDKROOT = watchos;
				SKIP_INSTALL = YES;
				SWIFT_EMIT_LOC_STRINGS = YES;
				SWIFT_VERSION = 5.0;
				TARGETED_DEVICE_FAMILY = 4;
				VALIDATE_PRODUCT = YES;
				WATCHOS_DEPLOYMENT_TARGET = 9.1;
			};
			name = Release;
		};
/* End XCBuildConfiguration section */

/* Begin XCConfigurationList section */
		26560A27296BCC8D00B7566F /* Build configuration list for PBXNativeTarget "ABC Stations" */ = {
			isa = XCConfigurationList;
			buildConfigurations = (
				26560A28296BCC8D00B7566F /* Debug */,
				26560A29296BCC8D00B7566F /* Release */,
			);
			defaultConfigurationIsVisible = 0;
			defaultConfigurationName = Release;
		};
		26CFB872296906440028EC29 /* Build configuration list for PBXProject "ABC Stations" */ = {
			isa = XCConfigurationList;
			buildConfigurations = (
				26CFB883296906460028EC29 /* Debug */,
				26CFB884296906460028EC29 /* Release */,
			);
			defaultConfigurationIsVisible = 0;
			defaultConfigurationName = Release;
		};
		26CFB885296906460028EC29 /* Build configuration list for PBXNativeTarget "ABC Stations Watch App" */ = {
			isa = XCConfigurationList;
			buildConfigurations = (
				26CFB886296906460028EC29 /* Debug */,
				26CFB887296906460028EC29 /* Release */,
			);
			defaultConfigurationIsVisible = 0;
			defaultConfigurationName = Release;
		};
/* End XCConfigurationList section */

/* Begin XCRemoteSwiftPackageReference section */
		2619BDB129793F6A00C36485 /* XCRemoteSwiftPackageReference "SDWebImageSwiftUI" */ = {
			isa = XCRemoteSwiftPackageReference;
			repositoryURL = "https://github.com/SDWebImage/SDWebImageSwiftUI.git";
			requirement = {
				kind = upToNextMajorVersion;
				minimumVersion = 2.0.0;
			};
		};
		269FF1DF297356050087615B /* XCRemoteSwiftPackageReference "swiftui-navigation" */ = {
			isa = XCRemoteSwiftPackageReference;
			repositoryURL = "https://github.com/pointfreeco/swiftui-navigation";
			requirement = {
				kind = upToNextMajorVersion;
				minimumVersion = 0.5.0;
			};
		};
		26CFB888296906920028EC29 /* XCRemoteSwiftPackageReference "swift-composable-architecture" */ = {
			isa = XCRemoteSwiftPackageReference;
			repositoryURL = "https://github.com/pointfreeco/swift-composable-architecture";
			requirement = {
				kind = upToNextMajorVersion;
				minimumVersion = 0.48.1;
			};
		};
/* End XCRemoteSwiftPackageReference section */

/* Begin XCSwiftPackageProductDependency section */
		2619BDB229793F6A00C36485 /* SDWebImageSwiftUI */ = {
			isa = XCSwiftPackageProductDependency;
			package = 2619BDB129793F6A00C36485 /* XCRemoteSwiftPackageReference "SDWebImageSwiftUI" */;
			productName = SDWebImageSwiftUI;
		};
		26560A30296CD77400B7566F /* WatchDEBUG */ = {
			isa = XCSwiftPackageProductDependency;
			productName = WatchDEBUG;
		};
		269FF1E0297356050087615B /* SwiftUINavigation */ = {
			isa = XCSwiftPackageProductDependency;
			package = 269FF1DF297356050087615B /* XCRemoteSwiftPackageReference "swiftui-navigation" */;
			productName = SwiftUINavigation;
		};
		269FF1E2297356050087615B /* _SwiftUINavigationState */ = {
			isa = XCSwiftPackageProductDependency;
			package = 269FF1DF297356050087615B /* XCRemoteSwiftPackageReference "swiftui-navigation" */;
			productName = _SwiftUINavigationState;
		};
		26CFB889296906920028EC29 /* ComposableArchitecture */ = {
			isa = XCSwiftPackageProductDependency;
			package = 26CFB888296906920028EC29 /* XCRemoteSwiftPackageReference "swift-composable-architecture" */;
			productName = ComposableArchitecture;
		};
		26CFB88B296906920028EC29 /* Dependencies */ = {
			isa = XCSwiftPackageProductDependency;
			package = 26CFB888296906920028EC29 /* XCRemoteSwiftPackageReference "swift-composable-architecture" */;
			productName = Dependencies;
		};
/* End XCSwiftPackageProductDependency section */
	};
	rootObject = 26CFB86F296906440028EC29 /* Project object */;
}
